// !$*UTF8*$!
{
	archiveVersion = 1;
	classes = {
	};
	objectVersion = 77;
	objects = {

/* Begin PBXBuildFile section */
		72C919362D6AC35600FFDB0B /* FirebaseAuth in Frameworks */ = {isa = PBXBuildFile; productRef = 72C919352D6AC35600FFDB0B /* FirebaseAuth */; };
		72C919382D6AC35600FFDB0B /* FirebaseFirestore in Frameworks */ = {isa = PBXBuildFile; productRef = 72C919372D6AC35600FFDB0B /* FirebaseFirestore */; };
/* End PBXBuildFile section */

/* Begin PBXContainerItemProxy section */
		72C918872D6956E600FFDB0B /* PBXContainerItemProxy */ = {
			isa = PBXContainerItemProxy;
			containerPortal = 72C9186A2D6956E400FFDB0B /* Project object */;
			proxyType = 1;
			remoteGlobalIDString = 72C918712D6956E400FFDB0B;
			remoteInfo = ish;
		};
		72C918912D6956E600FFDB0B /* PBXContainerItemProxy */ = {
			isa = PBXContainerItemProxy;
			containerPortal = 72C9186A2D6956E400FFDB0B /* Project object */;
			proxyType = 1;
			remoteGlobalIDString = 72C918712D6956E400FFDB0B;
			remoteInfo = ish;
		};
/* End PBXContainerItemProxy section */

/* Begin PBXFileReference section */
		72C918722D6956E400FFDB0B /* ish.app */ = {isa = PBXFileReference; explicitFileType = wrapper.application; includeInIndex = 0; path = ish.app; sourceTree = BUILT_PRODUCTS_DIR; };
		72C918862D6956E600FFDB0B /* ishTests.xctest */ = {isa = PBXFileReference; explicitFileType = wrapper.cfbundle; includeInIndex = 0; path = ishTests.xctest; sourceTree = BUILT_PRODUCTS_DIR; };
		72C918902D6956E600FFDB0B /* ishUITests.xctest */ = {isa = PBXFileReference; explicitFileType = wrapper.cfbundle; includeInIndex = 0; path = ishUITests.xctest; sourceTree = BUILT_PRODUCTS_DIR; };
/* End PBXFileReference section */

/* Begin PBXFileSystemSynchronizedBuildFileExceptionSet section */
		72C918982D6956E600FFDB0B /* Exceptions for "ish" folder in "ish" target */ = {
			isa = PBXFileSystemSynchronizedBuildFileExceptionSet;
			membershipExceptions = (
				Info.plist,
			);
			target = 72C918712D6956E400FFDB0B /* ish */;
		};
/* End PBXFileSystemSynchronizedBuildFileExceptionSet section */

/* Begin PBXFileSystemSynchronizedRootGroup section */
		72C918742D6956E400FFDB0B /* ish */ = {
			isa = PBXFileSystemSynchronizedRootGroup;
			exceptions = (
				72C918982D6956E600FFDB0B /* Exceptions for "ish" folder in "ish" target */,
			);
			path = ish;
			sourceTree = "<group>";
		};
		72C918892D6956E600FFDB0B /* ishTests */ = {
			isa = PBXFileSystemSynchronizedRootGroup;
			path = ishTests;
			sourceTree = "<group>";
		};
		72C918932D6956E600FFDB0B /* ishUITests */ = {
			isa = PBXFileSystemSynchronizedRootGroup;
			path = ishUITests;
			sourceTree = "<group>";
		};
/* End PBXFileSystemSynchronizedRootGroup section */

/* Begin PBXFrameworksBuildPhase section */
		72C9186F2D6956E400FFDB0B /* Frameworks */ = {
			isa = PBXFrameworksBuildPhase;
			buildActionMask = 2147483647;
			files = (
				72C919362D6AC35600FFDB0B /* FirebaseAuth in Frameworks */,
				72C919382D6AC35600FFDB0B /* FirebaseFirestore in Frameworks */,
			);
			runOnlyForDeploymentPostprocessing = 0;
		};
		72C918832D6956E600FFDB0B /* Frameworks */ = {
			isa = PBXFrameworksBuildPhase;
			buildActionMask = 2147483647;
			files = (
			);
			runOnlyForDeploymentPostprocessing = 0;
		};
		72C9188D2D6956E600FFDB0B /* Frameworks */ = {
			isa = PBXFrameworksBuildPhase;
			buildActionMask = 2147483647;
			files = (
			);
			runOnlyForDeploymentPostprocessing = 0;
		};
/* End PBXFrameworksBuildPhase section */

/* Begin PBXGroup section */
		72C918692D6956E400FFDB0B = {
			isa = PBXGroup;
			children = (
				72C918742D6956E400FFDB0B /* ish */,
				72C918892D6956E600FFDB0B /* ishTests */,
				72C918932D6956E600FFDB0B /* ishUITests */,
				72C918732D6956E400FFDB0B /* Products */,
			);
			sourceTree = "<group>";
		};
		72C918732D6956E400FFDB0B /* Products */ = {
			isa = PBXGroup;
			children = (
				72C918722D6956E400FFDB0B /* ish.app */,
				72C918862D6956E600FFDB0B /* ishTests.xctest */,
				72C918902D6956E600FFDB0B /* ishUITests.xctest */,
			);
			name = Products;
			sourceTree = "<group>";
		};
/* End PBXGroup section */

/* Begin PBXNativeTarget section */
		72C918712D6956E400FFDB0B /* ish */ = {
			isa = PBXNativeTarget;
			buildConfigurationList = 72C918992D6956E600FFDB0B /* Build configuration list for PBXNativeTarget "ish" */;
			buildPhases = (
				72C9186E2D6956E400FFDB0B /* Sources */,
				72C9186F2D6956E400FFDB0B /* Frameworks */,
				72C918702D6956E400FFDB0B /* Resources */,
			);
			buildRules = (
			);
			dependencies = (
			);
			fileSystemSynchronizedGroups = (
				72C918742D6956E400FFDB0B /* ish */,
			);
			name = ish;
			packageProductDependencies = (
				72C919352D6AC35600FFDB0B /* FirebaseAuth */,
				72C919372D6AC35600FFDB0B /* FirebaseFirestore */,
			);
			productName = ish;
			productReference = 72C918722D6956E400FFDB0B /* ish.app */;
			productType = "com.apple.product-type.application";
		};
		72C918852D6956E600FFDB0B /* ishTests */ = {
			isa = PBXNativeTarget;
			buildConfigurationList = 72C9189E2D6956E600FFDB0B /* Build configuration list for PBXNativeTarget "ishTests" */;
			buildPhases = (
				72C918822D6956E600FFDB0B /* Sources */,
				72C918832D6956E600FFDB0B /* Frameworks */,
				72C918842D6956E600FFDB0B /* Resources */,
			);
			buildRules = (
			);
			dependencies = (
				72C918882D6956E600FFDB0B /* PBXTargetDependency */,
			);
			fileSystemSynchronizedGroups = (
				72C918892D6956E600FFDB0B /* ishTests */,
			);
			name = ishTests;
			packageProductDependencies = (
			);
			productName = ishTests;
			productReference = 72C918862D6956E600FFDB0B /* ishTests.xctest */;
			productType = "com.apple.product-type.bundle.unit-test";
		};
		72C9188F2D6956E600FFDB0B /* ishUITests */ = {
			isa = PBXNativeTarget;
			buildConfigurationList = 72C918A12D6956E600FFDB0B /* Build configuration list for PBXNativeTarget "ishUITests" */;
			buildPhases = (
				72C9188C2D6956E600FFDB0B /* Sources */,
				72C9188D2D6956E600FFDB0B /* Frameworks */,
				72C9188E2D6956E600FFDB0B /* Resources */,
			);
			buildRules = (
			);
			dependencies = (
				72C918922D6956E600FFDB0B /* PBXTargetDependency */,
			);
			fileSystemSynchronizedGroups = (
				72C918932D6956E600FFDB0B /* ishUITests */,
			);
			name = ishUITests;
			packageProductDependencies = (
			);
			productName = ishUITests;
			productReference = 72C918902D6956E600FFDB0B /* ishUITests.xctest */;
			productType = "com.apple.product-type.bundle.ui-testing";
		};
/* End PBXNativeTarget section */

/* Begin PBXProject section */
		72C9186A2D6956E400FFDB0B /* Project object */ = {
			isa = PBXProject;
			attributes = {
				BuildIndependentTargetsInParallel = 1;
				LastSwiftUpdateCheck = 1620;
				LastUpgradeCheck = 1620;
				TargetAttributes = {
					72C918712D6956E400FFDB0B = {
						CreatedOnToolsVersion = 16.2;
					};
					72C918852D6956E600FFDB0B = {
						CreatedOnToolsVersion = 16.2;
						TestTargetID = 72C918712D6956E400FFDB0B;
					};
					72C9188F2D6956E600FFDB0B = {
						CreatedOnToolsVersion = 16.2;
						TestTargetID = 72C918712D6956E400FFDB0B;
					};
				};
			};
			buildConfigurationList = 72C9186D2D6956E400FFDB0B /* Build configuration list for PBXProject "ish" */;
			developmentRegion = en;
			hasScannedForEncodings = 0;
			knownRegions = (
				en,
				Base,
			);
			mainGroup = 72C918692D6956E400FFDB0B;
			minimizedProjectReferenceProxies = 1;
			packageReferences = (
				72C919342D6AC35600FFDB0B /* XCRemoteSwiftPackageReference "firebase-ios-sdk" */,
			);
			preferredProjectObjectVersion = 77;
			productRefGroup = 72C918732D6956E400FFDB0B /* Products */;
			projectDirPath = "";
			projectRoot = "";
			targets = (
				72C918712D6956E400FFDB0B /* ish */,
				72C918852D6956E600FFDB0B /* ishTests */,
				72C9188F2D6956E600FFDB0B /* ishUITests */,
			);
		};
/* End PBXProject section */

/* Begin PBXResourcesBuildPhase section */
		72C918702D6956E400FFDB0B /* Resources */ = {
			isa = PBXResourcesBuildPhase;
			buildActionMask = 2147483647;
			files = (
			);
			runOnlyForDeploymentPostprocessing = 0;
		};
		72C918842D6956E600FFDB0B /* Resources */ = {
			isa = PBXResourcesBuildPhase;
			buildActionMask = 2147483647;
			files = (
			);
			runOnlyForDeploymentPostprocessing = 0;
		};
		72C9188E2D6956E600FFDB0B /* Resources */ = {
			isa = PBXResourcesBuildPhase;
			buildActionMask = 2147483647;
			files = (
			);
			runOnlyForDeploymentPostprocessing = 0;
		};
/* End PBXResourcesBuildPhase section */

/* Begin PBXSourcesBuildPhase section */
		72C9186E2D6956E400FFDB0B /* Sources */ = {
			isa = PBXSourcesBuildPhase;
			buildActionMask = 2147483647;
			files = (
			);
			runOnlyForDeploymentPostprocessing = 0;
		};
		72C918822D6956E600FFDB0B /* Sources */ = {
			isa = PBXSourcesBuildPhase;
			buildActionMask = 2147483647;
			files = (
			);
			runOnlyForDeploymentPostprocessing = 0;
		};
		72C9188C2D6956E600FFDB0B /* Sources */ = {
			isa = PBXSourcesBuildPhase;
			buildActionMask = 2147483647;
			files = (
			);
			runOnlyForDeploymentPostprocessing = 0;
		};
/* End PBXSourcesBuildPhase section */

/* Begin PBXTargetDependency section */
		72C918882D6956E600FFDB0B /* PBXTargetDependency */ = {
			isa = PBXTargetDependency;
			target = 72C918712D6956E400FFDB0B /* ish */;
			targetProxy = 72C918872D6956E600FFDB0B /* PBXContainerItemProxy */;
		};
		72C918922D6956E600FFDB0B /* PBXTargetDependency */ = {
			isa = PBXTargetDependency;
			target = 72C918712D6956E400FFDB0B /* ish */;
			targetProxy = 72C918912D6956E600FFDB0B /* PBXContainerItemProxy */;
		};
/* End PBXTargetDependency section */

/* Begin XCBuildConfiguration section */
		72C9189A2D6956E600FFDB0B /* Debug */ = {
			isa = XCBuildConfiguration;
			buildSettings = {
				ASSETCATALOG_COMPILER_APPICON_NAME = AppIcon;
				ASSETCATALOG_COMPILER_GLOBAL_ACCENT_COLOR_NAME = AccentColor;
				CODE_SIGN_ENTITLEMENTS = ish/ish.entitlements;
				CODE_SIGN_STYLE = Automatic;
				CURRENT_PROJECT_VERSION = 1;
				DEVELOPMENT_ASSET_PATHS = "\"ish/Preview Content\"";
				DEVELOPMENT_TEAM = PCQJZVBWZR;
				ENABLE_PREVIEWS = YES;
				GENERATE_INFOPLIST_FILE = YES;
				INFOPLIST_FILE = ish/Info.plist;
				INFOPLIST_KEY_CFBundleDisplayName = Ishwar;
				INFOPLIST_KEY_LSApplicationCategoryType = "public.app-category.shopping";
				INFOPLIST_KEY_UIApplicationSceneManifest_Generation = YES;
				INFOPLIST_KEY_UIApplicationSupportsIndirectInputEvents = YES;
				INFOPLIST_KEY_UILaunchScreen_Generation = YES;
				INFOPLIST_KEY_UISupportedInterfaceOrientations_iPad = "UIInterfaceOrientationPortrait UIInterfaceOrientationPortraitUpsideDown UIInterfaceOrientationLandscapeLeft UIInterfaceOrientationLandscapeRight";
				INFOPLIST_KEY_UISupportedInterfaceOrientations_iPhone = "UIInterfaceOrientationPortrait UIInterfaceOrientationLandscapeLeft UIInterfaceOrientationLandscapeRight";
				LD_RUNPATH_SEARCH_PATHS = (
					"$(inherited)",
					"@executable_path/Frameworks",
				);
				MARKETING_VERSION = 1.0;
				PRODUCT_BUNDLE_IDENTIFIER = CSP.ish;
				PRODUCT_NAME = "$(TARGET_NAME)";
				SWIFT_EMIT_LOC_STRINGS = YES;
				SWIFT_VERSION = 5.0;
				TARGETED_DEVICE_FAMILY = "1,2";
			};
			name = Debug;
		};
		72C9189B2D6956E600FFDB0B /* Release */ = {
			isa = XCBuildConfiguration;
			buildSettings = {
				ASSETCATALOG_COMPILER_APPICON_NAME = AppIcon;
				ASSETCATALOG_COMPILER_GLOBAL_ACCENT_COLOR_NAME = AccentColor;
				CODE_SIGN_ENTITLEMENTS = ish/ish.entitlements;
				CODE_SIGN_STYLE = Automatic;
				CURRENT_PROJECT_VERSION = 1;
				DEVELOPMENT_ASSET_PATHS = "\"ish/Preview Content\"";
				DEVELOPMENT_TEAM = PCQJZVBWZR;
				ENABLE_PREVIEWS = YES;
				GENERATE_INFOPLIST_FILE = YES;
				INFOPLIST_FILE = ish/Info.plist;
				INFOPLIST_KEY_CFBundleDisplayName = Ishwar;
				INFOPLIST_KEY_LSApplicationCategoryType = "public.app-category.shopping";
				INFOPLIST_KEY_UIApplicationSceneManifest_Generation = YES;
				INFOPLIST_KEY_UIApplicationSupportsIndirectInputEvents = YES;
				INFOPLIST_KEY_UILaunchScreen_Generation = YES;
				INFOPLIST_KEY_UISupportedInterfaceOrientations_iPad = "UIInterfaceOrientationPortrait UIInterfaceOrientationPortraitUpsideDown UIInterfaceOrientationLandscapeLeft UIInterfaceOrientationLandscapeRight";
				INFOPLIST_KEY_UISupportedInterfaceOrientations_iPhone = "UIInterfaceOrientationPortrait UIInterfaceOrientationLandscapeLeft UIInterfaceOrientationLandscapeRight";
				LD_RUNPATH_SEARCH_PATHS = (
					"$(inherited)",
					"@executable_path/Frameworks",
				);
				MARKETING_VERSION = 1.0;
				PRODUCT_BUNDLE_IDENTIFIER = CSP.ish;
				PRODUCT_NAME = "$(TARGET_NAME)";
				SWIFT_EMIT_LOC_STRINGS = YES;
				SWIFT_VERSION = 5.0;
				TARGETED_DEVICE_FAMILY = "1,2";
			};
			name = Release;
		};
		72C9189C2D6956E600FFDB0B /* Debug */ = {
			isa = XCBuildConfiguration;
			buildSettings = {
				ALWAYS_SEARCH_USER_PATHS = NO;
				ASSETCATALOG_COMPILER_GENERATE_SWIFT_ASSET_SYMBOL_EXTENSIONS = YES;
				CLANG_ANALYZER_NONNULL = YES;
				CLANG_ANALYZER_NUMBER_OBJECT_CONVERSION = YES_AGGRESSIVE;
				CLANG_CXX_LANGUAGE_STANDARD = "gnu++20";
				CLANG_ENABLE_MODULES = YES;
				CLANG_ENABLE_OBJC_ARC = YES;
				CLANG_ENABLE_OBJC_WEAK = YES;
				CLANG_WARN_BLOCK_CAPTURE_AUTORELEASING = YES;
				CLANG_WARN_BOOL_CONVERSION = YES;
				CLANG_WARN_COMMA = YES;
				CLANG_WARN_CONSTANT_CONVERSION = YES;
				CLANG_WARN_DEPRECATED_OBJC_IMPLEMENTATIONS = YES;
				CLANG_WARN_DIRECT_OBJC_ISA_USAGE = YES_ERROR;
				CLANG_WARN_DOCUMENTATION_COMMENTS = YES;
				CLANG_WARN_EMPTY_BODY = YES;
				CLANG_WARN_ENUM_CONVERSION = YES;
				CLANG_WARN_INFINITE_RECURSION = YES;
				CLANG_WARN_INT_CONVERSION = YES;
				CLANG_WARN_NON_LITERAL_NULL_CONVERSION = YES;
				CLANG_WARN_OBJC_IMPLICIT_RETAIN_SELF = YES;
				CLANG_WARN_OBJC_LITERAL_CONVERSION = YES;
				CLANG_WARN_OBJC_ROOT_CLASS = YES_ERROR;
				CLANG_WARN_QUOTED_INCLUDE_IN_FRAMEWORK_HEADER = YES;
				CLANG_WARN_RANGE_LOOP_ANALYSIS = YES;
				CLANG_WARN_STRICT_PROTOTYPES = YES;
				CLANG_WARN_SUSPICIOUS_MOVE = YES;
				CLANG_WARN_UNGUARDED_AVAILABILITY = YES_AGGRESSIVE;
				CLANG_WARN_UNREACHABLE_CODE = YES;
				CLANG_WARN__DUPLICATE_METHOD_MATCH = YES;
				COPY_PHASE_STRIP = NO;
				DEBUG_INFORMATION_FORMAT = dwarf;
				ENABLE_STRICT_OBJC_MSGSEND = YES;
				ENABLE_TESTABILITY = YES;
				ENABLE_USER_SCRIPT_SANDBOXING = YES;
				GCC_C_LANGUAGE_STANDARD = gnu17;
				GCC_DYNAMIC_NO_PIC = NO;
				GCC_NO_COMMON_BLOCKS = YES;
				GCC_OPTIMIZATION_LEVEL = 0;
				GCC_PREPROCESSOR_DEFINITIONS = (
					"DEBUG=1",
					"$(inherited)",
				);
				GCC_WARN_64_TO_32_BIT_CONVERSION = YES;
				GCC_WARN_ABOUT_RETURN_TYPE = YES_ERROR;
				GCC_WARN_UNDECLARED_SELECTOR = YES;
				GCC_WARN_UNINITIALIZED_AUTOS = YES_AGGRESSIVE;
				GCC_WARN_UNUSED_FUNCTION = YES;
				GCC_WARN_UNUSED_VARIABLE = YES;
				IPHONEOS_DEPLOYMENT_TARGET = 18.2;
				LOCALIZATION_PREFERS_STRING_CATALOGS = YES;
				MTL_ENABLE_DEBUG_INFO = INCLUDE_SOURCE;
				MTL_FAST_MATH = YES;
				ONLY_ACTIVE_ARCH = YES;
				SDKROOT = iphoneos;
				SWIFT_ACTIVE_COMPILATION_CONDITIONS = "DEBUG $(inherited)";
				SWIFT_OPTIMIZATION_LEVEL = "-Onone";
			};
			name = Debug;
		};
		72C9189D2D6956E600FFDB0B /* Release */ = {
			isa = XCBuildConfiguration;
			buildSettings = {
				ALWAYS_SEARCH_USER_PATHS = NO;
				ASSETCATALOG_COMPILER_GENERATE_SWIFT_ASSET_SYMBOL_EXTENSIONS = YES;
				CLANG_ANALYZER_NONNULL = YES;
				CLANG_ANALYZER_NUMBER_OBJECT_CONVERSION = YES_AGGRESSIVE;
				CLANG_CXX_LANGUAGE_STANDARD = "gnu++20";
				CLANG_ENABLE_MODULES = YES;
				CLANG_ENABLE_OBJC_ARC = YES;
				CLANG_ENABLE_OBJC_WEAK = YES;
				CLANG_WARN_BLOCK_CAPTURE_AUTORELEASING = YES;
				CLANG_WARN_BOOL_CONVERSION = YES;
				CLANG_WARN_COMMA = YES;
				CLANG_WARN_CONSTANT_CONVERSION = YES;
				CLANG_WARN_DEPRECATED_OBJC_IMPLEMENTATIONS = YES;
				CLANG_WARN_DIRECT_OBJC_ISA_USAGE = YES_ERROR;
				CLANG_WARN_DOCUMENTATION_COMMENTS = YES;
				CLANG_WARN_EMPTY_BODY = YES;
				CLANG_WARN_ENUM_CONVERSION = YES;
				CLANG_WARN_INFINITE_RECURSION = YES;
				CLANG_WARN_INT_CONVERSION = YES;
				CLANG_WARN_NON_LITERAL_NULL_CONVERSION = YES;
				CLANG_WARN_OBJC_IMPLICIT_RETAIN_SELF = YES;
				CLANG_WARN_OBJC_LITERAL_CONVERSION = YES;
				CLANG_WARN_OBJC_ROOT_CLASS = YES_ERROR;
				CLANG_WARN_QUOTED_INCLUDE_IN_FRAMEWORK_HEADER = YES;
				CLANG_WARN_RANGE_LOOP_ANALYSIS = YES;
				CLANG_WARN_STRICT_PROTOTYPES = YES;
				CLANG_WARN_SUSPICIOUS_MOVE = YES;
				CLANG_WARN_UNGUARDED_AVAILABILITY = YES_AGGRESSIVE;
				CLANG_WARN_UNREACHABLE_CODE = YES;
				CLANG_WARN__DUPLICATE_METHOD_MATCH = YES;
				COPY_PHASE_STRIP = NO;
				DEBUG_INFORMATION_FORMAT = "dwarf-with-dsym";
				ENABLE_NS_ASSERTIONS = NO;
				ENABLE_STRICT_OBJC_MSGSEND = YES;
				ENABLE_USER_SCRIPT_SANDBOXING = YES;
				GCC_C_LANGUAGE_STANDARD = gnu17;
				GCC_NO_COMMON_BLOCKS = YES;
				GCC_WARN_64_TO_32_BIT_CONVERSION = YES;
				GCC_WARN_ABOUT_RETURN_TYPE = YES_ERROR;
				GCC_WARN_UNDECLARED_SELECTOR = YES;
				GCC_WARN_UNINITIALIZED_AUTOS = YES_AGGRESSIVE;
				GCC_WARN_UNUSED_FUNCTION = YES;
				GCC_WARN_UNUSED_VARIABLE = YES;
				IPHONEOS_DEPLOYMENT_TARGET = 18.2;
				LOCALIZATION_PREFERS_STRING_CATALOGS = YES;
				MTL_ENABLE_DEBUG_INFO = NO;
				MTL_FAST_MATH = YES;
				SDKROOT = iphoneos;
				SWIFT_COMPILATION_MODE = wholemodule;
				VALIDATE_PRODUCT = YES;
			};
			name = Release;
		};
		72C9189F2D6956E600FFDB0B /* Debug */ = {
			isa = XCBuildConfiguration;
			buildSettings = {
				BUNDLE_LOADER = "$(TEST_HOST)";
				CODE_SIGN_STYLE = Automatic;
				CURRENT_PROJECT_VERSION = 1;
				DEVELOPMENT_TEAM = PCQJZVBWZR;
				GENERATE_INFOPLIST_FILE = YES;
				IPHONEOS_DEPLOYMENT_TARGET = 18.2;
				MARKETING_VERSION = 1.0;
				PRODUCT_BUNDLE_IDENTIFIER = CSP.ishTests;
				PRODUCT_NAME = "$(TARGET_NAME)";
				SWIFT_EMIT_LOC_STRINGS = NO;
				SWIFT_VERSION = 5.0;
				TARGETED_DEVICE_FAMILY = "1,2";
				TEST_HOST = "$(BUILT_PRODUCTS_DIR)/ish.app/$(BUNDLE_EXECUTABLE_FOLDER_PATH)/ish";
			};
			name = Debug;
		};
		72C918A02D6956E600FFDB0B /* Release */ = {
			isa = XCBuildConfiguration;
			buildSettings = {
				BUNDLE_LOADER = "$(TEST_HOST)";
				CODE_SIGN_STYLE = Automatic;
				CURRENT_PROJECT_VERSION = 1;
				DEVELOPMENT_TEAM = PCQJZVBWZR;
				GENERATE_INFOPLIST_FILE = YES;
				IPHONEOS_DEPLOYMENT_TARGET = 18.2;
				MARKETING_VERSION = 1.0;
				PRODUCT_BUNDLE_IDENTIFIER = CSP.ishTests;
				PRODUCT_NAME = "$(TARGET_NAME)";
				SWIFT_EMIT_LOC_STRINGS = NO;
				SWIFT_VERSION = 5.0;
				TARGETED_DEVICE_FAMILY = "1,2";
				TEST_HOST = "$(BUILT_PRODUCTS_DIR)/ish.app/$(BUNDLE_EXECUTABLE_FOLDER_PATH)/ish";
			};
			name = Release;
		};
		72C918A22D6956E600FFDB0B /* Debug */ = {
			isa = XCBuildConfiguration;
			buildSettings = {
				CODE_SIGN_STYLE = Automatic;
				CURRENT_PROJECT_VERSION = 1;
				DEVELOPMENT_TEAM = PCQJZVBWZR;
				GENERATE_INFOPLIST_FILE = YES;
				MARKETING_VERSION = 1.0;
				PRODUCT_BUNDLE_IDENTIFIER = CSP.ishUITests;
				PRODUCT_NAME = "$(TARGET_NAME)";
				SWIFT_EMIT_LOC_STRINGS = NO;
				SWIFT_VERSION = 5.0;
				TARGETED_DEVICE_FAMILY = "1,2";
				TEST_TARGET_NAME = ish;
			};
			name = Debug;
		};
		72C918A32D6956E600FFDB0B /* Release */ = {
			isa = XCBuildConfiguration;
			buildSettings = {
				CODE_SIGN_STYLE = Automatic;
				CURRENT_PROJECT_VERSION = 1;
				DEVELOPMENT_TEAM = PCQJZVBWZR;
				GENERATE_INFOPLIST_FILE = YES;
				MARKETING_VERSION = 1.0;
				PRODUCT_BUNDLE_IDENTIFIER = CSP.ishUITests;
				PRODUCT_NAME = "$(TARGET_NAME)";
				SWIFT_EMIT_LOC_STRINGS = NO;
				SWIFT_VERSION = 5.0;
				TARGETED_DEVICE_FAMILY = "1,2";
				TEST_TARGET_NAME = ish;
			};
			name = Release;
		};
/* End XCBuildConfiguration section */

/* Begin XCConfigurationList section */
		72C9186D2D6956E400FFDB0B /* Build configuration list for PBXProject "ish" */ = {
			isa = XCConfigurationList;
			buildConfigurations = (
				72C9189C2D6956E600FFDB0B /* Debug */,
				72C9189D2D6956E600FFDB0B /* Release */,
			);
			defaultConfigurationIsVisible = 0;
			defaultConfigurationName = Release;
		};
		72C918992D6956E600FFDB0B /* Build configuration list for PBXNativeTarget "ish" */ = {
			isa = XCConfigurationList;
			buildConfigurations = (
				72C9189A2D6956E600FFDB0B /* Debug */,
				72C9189B2D6956E600FFDB0B /* Release */,
			);
			defaultConfigurationIsVisible = 0;
			defaultConfigurationName = Release;
		};
		72C9189E2D6956E600FFDB0B /* Build configuration list for PBXNativeTarget "ishTests" */ = {
			isa = XCConfigurationList;
			buildConfigurations = (
				72C9189F2D6956E600FFDB0B /* Debug */,
				72C918A02D6956E600FFDB0B /* Release */,
			);
			defaultConfigurationIsVisible = 0;
			defaultConfigurationName = Release;
		};
		72C918A12D6956E600FFDB0B /* Build configuration list for PBXNativeTarget "ishUITests" */ = {
			isa = XCConfigurationList;
			buildConfigurations = (
				72C918A22D6956E600FFDB0B /* Debug */,
				72C918A32D6956E600FFDB0B /* Release */,
			);
			defaultConfigurationIsVisible = 0;
			defaultConfigurationName = Release;
		};
/* End XCConfigurationList section */

/* Begin XCRemoteSwiftPackageReference section */
		72C919342D6AC35600FFDB0B /* XCRemoteSwiftPackageReference "firebase-ios-sdk" */ = {
			isa = XCRemoteSwiftPackageReference;
			repositoryURL = "https://github.com/firebase/firebase-ios-sdk";
			requirement = {
				kind = upToNextMajorVersion;
				minimumVersion = 11.8.1;
			};
		};
/* End XCRemoteSwiftPackageReference section */

/* Begin XCSwiftPackageProductDependency section */
		72C919352D6AC35600FFDB0B /* FirebaseAuth */ = {
			isa = XCSwiftPackageProductDependency;
			package = 72C919342D6AC35600FFDB0B /* XCRemoteSwiftPackageReference "firebase-ios-sdk" */;
			productName = FirebaseAuth;
		};
		72C919372D6AC35600FFDB0B /* FirebaseFirestore */ = {
			isa = XCSwiftPackageProductDependency;
			package = 72C919342D6AC35600FFDB0B /* XCRemoteSwiftPackageReference "firebase-ios-sdk" */;
			productName = FirebaseFirestore;
		};
/* End XCSwiftPackageProductDependency section */
	};
	rootObject = 72C9186A2D6956E400FFDB0B /* Project object */;
}
